
Microsoft Visual Studio Solution File, Format Version 12.00
# Visual Studio Version 16
VisualStudioVersion = 16.0.31112.23
MinimumVisualStudioVersion = 10.0.40219.1
Project("{FAE04EC0-301F-11D3-BF4B-00C04F79EFBC}") = "HUSKY_PILOT_ANGELS", "HUSKY_PILOT_ANGELS\HUSKY_PILOT_ANGELS.csproj", "{FB0897AF-8CA0-4BD5-9975-63B89554FC34}"
EndProject
Global
	GlobalSection(SolutionConfigurationPlatforms) = preSolution
		Debug|Any CPU = Debug|Any CPU
		Release|Any CPU = Release|Any CPU
	EndGlobalSection
	GlobalSection(ProjectConfigurationPlatforms) = postSolution
		{FB0897AF-8CA0-4BD5-9975-63B89554FC34}.Debug|Any CPU.ActiveCfg = Debug|Any CPU
		{FB0897AF-8CA0-4BD5-9975-63B89554FC34}.Debug|Any CPU.Build.0 = Debug|Any CPU
		{FB0897AF-8CA0-4BD5-9975-63B89554FC34}.Release|Any CPU.ActiveCfg = Release|Any CPU
		{FB0897AF-8CA0-4BD5-9975-63B89554FC34}.Release|Any CPU.Build.0 = Release|Any CPU
	EndGlobalSection
	GlobalSection(SolutionProperties) = preSolution
		HideSolutionNode = FALSE
	EndGlobalSection
	GlobalSection(ExtensibilityGlobals) = postSolution
		SolutionGuid = {FABDB571-17E5-4518-AB8B-20125DDDA539}
	EndGlobalSection
EndGlobal
